// !$*UTF8*$!
{
	archiveVersion = 1;
	classes = {
	};
	objectVersion = 56;
	objects = {

/* Begin PBXBuildFile section */
		2C7C7FA72B4751AB00AA67D4 /* AppDelegate.swift in Sources */ = {isa = PBXBuildFile; fileRef = 2C7C7FA62B4751AB00AA67D4 /* AppDelegate.swift */; };
		2C7C7FA92B4751AB00AA67D4 /* SceneDelegate.swift in Sources */ = {isa = PBXBuildFile; fileRef = 2C7C7FA82B4751AB00AA67D4 /* SceneDelegate.swift */; };
		2C7C7FB32B4751AC00AA67D4 /* LaunchScreen.storyboard in Resources */ = {isa = PBXBuildFile; fileRef = 2C7C7FB12B4751AC00AA67D4 /* LaunchScreen.storyboard */; };
		2C7C7FBE2B477B2A00AA67D4 /* UIView+Preview.swift in Sources */ = {isa = PBXBuildFile; fileRef = 2C7C7FBC2B477B2A00AA67D4 /* UIView+Preview.swift */; };
		2C7C7FBF2B477B2A00AA67D4 /* UIViewController+Preview.swift in Sources */ = {isa = PBXBuildFile; fileRef = 2C7C7FBD2B477B2A00AA67D4 /* UIViewController+Preview.swift */; };
		2C7C7FC32B47803400AA67D4 /* GFTabBarController.swift in Sources */ = {isa = PBXBuildFile; fileRef = 2C7C7FC22B47803400AA67D4 /* GFTabBarController.swift */; };
		2C7C7FC52B47806900AA67D4 /* Assets.xcassets in Resources */ = {isa = PBXBuildFile; fileRef = 2C7C7FC42B47806900AA67D4 /* Assets.xcassets */; };
		2C7C7FC82B47812600AA67D4 /* SearchVC.swift in Sources */ = {isa = PBXBuildFile; fileRef = 2C7C7FC72B47812600AA67D4 /* SearchVC.swift */; };
		2C7C7FCA2B47815B00AA67D4 /* FavoritesListVC.swift in Sources */ = {isa = PBXBuildFile; fileRef = 2C7C7FC92B47815B00AA67D4 /* FavoritesListVC.swift */; };
		2C7C7FCD2B47865100AA67D4 /* Follower.swift in Sources */ = {isa = PBXBuildFile; fileRef = 2C7C7FCC2B47865100AA67D4 /* Follower.swift */; };
		2C7C7FCF2B47865700AA67D4 /* User.swift in Sources */ = {isa = PBXBuildFile; fileRef = 2C7C7FCE2B47865700AA67D4 /* User.swift */; };
		2C7C7FD22B47874300AA67D4 /* GFButton.swift in Sources */ = {isa = PBXBuildFile; fileRef = 2C7C7FD12B47874300AA67D4 /* GFButton.swift */; };
		2C7C7FD52B47897700AA67D4 /* UIView+Ext.swift in Sources */ = {isa = PBXBuildFile; fileRef = 2C7C7FD42B47897700AA67D4 /* UIView+Ext.swift */; };
		2C7C7FD82B478A0400AA67D4 /* GFTextField.swift in Sources */ = {isa = PBXBuildFile; fileRef = 2C7C7FD72B478A0400AA67D4 /* GFTextField.swift */; };
		2C7C7FDA2B478E7D00AA67D4 /* Constants.swift in Sources */ = {isa = PBXBuildFile; fileRef = 2C7C7FD92B478E7D00AA67D4 /* Constants.swift */; };
		2C7C7FDC2B47928500AA67D4 /* UIViewController+Ext.swift in Sources */ = {isa = PBXBuildFile; fileRef = 2C7C7FDB2B47928500AA67D4 /* UIViewController+Ext.swift */; };
		2C7C7FDF2B47938B00AA67D4 /* GFAlertVC.swift in Sources */ = {isa = PBXBuildFile; fileRef = 2C7C7FDE2B47938B00AA67D4 /* GFAlertVC.swift */; };
		2C7C7FE12B47960700AA67D4 /* FollowerListVC.swift in Sources */ = {isa = PBXBuildFile; fileRef = 2C7C7FE02B47960700AA67D4 /* FollowerListVC.swift */; };
		2C7C7FE32B4796DC00AA67D4 /* UIHelper.swift in Sources */ = {isa = PBXBuildFile; fileRef = 2C7C7FE22B4796DC00AA67D4 /* UIHelper.swift */; };
		2C7C7FE62B47999C00AA67D4 /* FollowerCollectionViewCell.swift in Sources */ = {isa = PBXBuildFile; fileRef = 2C7C7FE52B47999C00AA67D4 /* FollowerCollectionViewCell.swift */; };
/* End PBXBuildFile section */

/* Begin PBXFileReference section */
		2C7C7FA32B4751AB00AA67D4 /* GHFollowers.app */ = {isa = PBXFileReference; explicitFileType = wrapper.application; includeInIndex = 0; path = GHFollowers.app; sourceTree = BUILT_PRODUCTS_DIR; };
		2C7C7FA62B4751AB00AA67D4 /* AppDelegate.swift */ = {isa = PBXFileReference; lastKnownFileType = sourcecode.swift; path = AppDelegate.swift; sourceTree = "<group>"; };
		2C7C7FA82B4751AB00AA67D4 /* SceneDelegate.swift */ = {isa = PBXFileReference; lastKnownFileType = sourcecode.swift; path = SceneDelegate.swift; sourceTree = "<group>"; };
		2C7C7FB22B4751AC00AA67D4 /* Base */ = {isa = PBXFileReference; lastKnownFileType = file.storyboard; name = Base; path = Base.lproj/LaunchScreen.storyboard; sourceTree = "<group>"; };
		2C7C7FB42B4751AC00AA67D4 /* Info.plist */ = {isa = PBXFileReference; lastKnownFileType = text.plist.xml; path = Info.plist; sourceTree = "<group>"; };
		2C7C7FBC2B477B2A00AA67D4 /* UIView+Preview.swift */ = {isa = PBXFileReference; fileEncoding = 4; lastKnownFileType = sourcecode.swift; path = "UIView+Preview.swift"; sourceTree = "<group>"; };
		2C7C7FBD2B477B2A00AA67D4 /* UIViewController+Preview.swift */ = {isa = PBXFileReference; fileEncoding = 4; lastKnownFileType = sourcecode.swift; path = "UIViewController+Preview.swift"; sourceTree = "<group>"; };
		2C7C7FC22B47803400AA67D4 /* GFTabBarController.swift */ = {isa = PBXFileReference; lastKnownFileType = sourcecode.swift; path = GFTabBarController.swift; sourceTree = "<group>"; };
		2C7C7FC42B47806900AA67D4 /* Assets.xcassets */ = {isa = PBXFileReference; lastKnownFileType = folder.assetcatalog; path = Assets.xcassets; sourceTree = "<group>"; };
		2C7C7FC72B47812600AA67D4 /* SearchVC.swift */ = {isa = PBXFileReference; lastKnownFileType = sourcecode.swift; path = SearchVC.swift; sourceTree = "<group>"; };
		2C7C7FC92B47815B00AA67D4 /* FavoritesListVC.swift */ = {isa = PBXFileReference; lastKnownFileType = sourcecode.swift; path = FavoritesListVC.swift; sourceTree = "<group>"; };
		2C7C7FCC2B47865100AA67D4 /* Follower.swift */ = {isa = PBXFileReference; lastKnownFileType = sourcecode.swift; path = Follower.swift; sourceTree = "<group>"; };
		2C7C7FCE2B47865700AA67D4 /* User.swift */ = {isa = PBXFileReference; lastKnownFileType = sourcecode.swift; path = User.swift; sourceTree = "<group>"; };
		2C7C7FD12B47874300AA67D4 /* GFButton.swift */ = {isa = PBXFileReference; lastKnownFileType = sourcecode.swift; path = GFButton.swift; sourceTree = "<group>"; };
		2C7C7FD42B47897700AA67D4 /* UIView+Ext.swift */ = {isa = PBXFileReference; lastKnownFileType = sourcecode.swift; path = "UIView+Ext.swift"; sourceTree = "<group>"; };
		2C7C7FD72B478A0400AA67D4 /* GFTextField.swift */ = {isa = PBXFileReference; lastKnownFileType = sourcecode.swift; path = GFTextField.swift; sourceTree = "<group>"; };
		2C7C7FD92B478E7D00AA67D4 /* Constants.swift */ = {isa = PBXFileReference; lastKnownFileType = sourcecode.swift; path = Constants.swift; sourceTree = "<group>"; };
		2C7C7FDB2B47928500AA67D4 /* UIViewController+Ext.swift */ = {isa = PBXFileReference; lastKnownFileType = sourcecode.swift; path = "UIViewController+Ext.swift"; sourceTree = "<group>"; };
		2C7C7FDE2B47938B00AA67D4 /* GFAlertVC.swift */ = {isa = PBXFileReference; lastKnownFileType = sourcecode.swift; path = GFAlertVC.swift; sourceTree = "<group>"; };
		2C7C7FE02B47960700AA67D4 /* FollowerListVC.swift */ = {isa = PBXFileReference; lastKnownFileType = sourcecode.swift; path = FollowerListVC.swift; sourceTree = "<group>"; };
		2C7C7FE22B4796DC00AA67D4 /* UIHelper.swift */ = {isa = PBXFileReference; lastKnownFileType = sourcecode.swift; path = UIHelper.swift; sourceTree = "<group>"; };
		2C7C7FE52B47999C00AA67D4 /* FollowerCollectionViewCell.swift */ = {isa = PBXFileReference; lastKnownFileType = sourcecode.swift; path = FollowerCollectionViewCell.swift; sourceTree = "<group>"; };
/* End PBXFileReference section */

/* Begin PBXFrameworksBuildPhase section */
		2C7C7FA02B4751AB00AA67D4 /* Frameworks */ = {
			isa = PBXFrameworksBuildPhase;
			buildActionMask = 2147483647;
			files = (
			);
			runOnlyForDeploymentPostprocessing = 0;
		};
/* End PBXFrameworksBuildPhase section */

/* Begin PBXGroup section */
		2C7C7F9A2B4751AB00AA67D4 = {
			isa = PBXGroup;
			children = (
				2C7C7FA52B4751AB00AA67D4 /* GHFollowers */,
				2C7C7FA42B4751AB00AA67D4 /* Products */,
			);
			sourceTree = "<group>";
		};
		2C7C7FA42B4751AB00AA67D4 /* Products */ = {
			isa = PBXGroup;
			children = (
				2C7C7FA32B4751AB00AA67D4 /* GHFollowers.app */,
			);
			name = Products;
			sourceTree = "<group>";
		};
		2C7C7FA52B4751AB00AA67D4 /* GHFollowers */ = {
			isa = PBXGroup;
			children = (
				2C7C7FC02B477FAB00AA67D4 /* Model */,
				2C7C7FC62B47810800AA67D4 /* Screens */,
				2C7C7FC12B477FB800AA67D4 /* CustomViews */,
				2C7C7FD32B47892000AA67D4 /* Helpers+Extensions */,
				2C7C7FBB2B477B2A00AA67D4 /* Preview_Helpers */,
				2C7C7FBA2B4751C200AA67D4 /* Resources */,
			);
			path = GHFollowers;
			sourceTree = "<group>";
		};
		2C7C7FBA2B4751C200AA67D4 /* Resources */ = {
			isa = PBXGroup;
			children = (
				2C7C7FA62B4751AB00AA67D4 /* AppDelegate.swift */,
				2C7C7FA82B4751AB00AA67D4 /* SceneDelegate.swift */,
				2C7C7FC42B47806900AA67D4 /* Assets.xcassets */,
				2C7C7FB12B4751AC00AA67D4 /* LaunchScreen.storyboard */,
				2C7C7FB42B4751AC00AA67D4 /* Info.plist */,
			);
			path = Resources;
			sourceTree = "<group>";
		};
		2C7C7FBB2B477B2A00AA67D4 /* Preview_Helpers */ = {
			isa = PBXGroup;
			children = (
				2C7C7FBC2B477B2A00AA67D4 /* UIView+Preview.swift */,
				2C7C7FBD2B477B2A00AA67D4 /* UIViewController+Preview.swift */,
			);
			path = Preview_Helpers;
			sourceTree = "<group>";
		};
		2C7C7FC02B477FAB00AA67D4 /* Model */ = {
			isa = PBXGroup;
			children = (
				2C7C7FCC2B47865100AA67D4 /* Follower.swift */,
				2C7C7FCE2B47865700AA67D4 /* User.swift */,
			);
			path = Model;
			sourceTree = "<group>";
		};
		2C7C7FC12B477FB800AA67D4 /* CustomViews */ = {
			isa = PBXGroup;
			children = (
				2C7C7FDD2B47937500AA67D4 /* ViewControllers */,
				2C7C7FCB2B4784DA00AA67D4 /* TabBarControllers */,
				2C7C7FE42B47995300AA67D4 /* Cells */,
				2C7C7FD02B47872400AA67D4 /* Buttons */,
				2C7C7FD62B4789D300AA67D4 /* TextFields */,
			);
			path = CustomViews;
			sourceTree = "<group>";
		};
		2C7C7FC62B47810800AA67D4 /* Screens */ = {
			isa = PBXGroup;
			children = (
				2C7C7FC72B47812600AA67D4 /* SearchVC.swift */,
				2C7C7FC92B47815B00AA67D4 /* FavoritesListVC.swift */,
				2C7C7FE02B47960700AA67D4 /* FollowerListVC.swift */,
			);
			path = Screens;
			sourceTree = "<group>";
		};
		2C7C7FCB2B4784DA00AA67D4 /* TabBarControllers */ = {
			isa = PBXGroup;
			children = (
				2C7C7FC22B47803400AA67D4 /* GFTabBarController.swift */,
			);
			path = TabBarControllers;
			sourceTree = "<group>";
		};
		2C7C7FD02B47872400AA67D4 /* Buttons */ = {
			isa = PBXGroup;
			children = (
				2C7C7FD12B47874300AA67D4 /* GFButton.swift */,
			);
			path = Buttons;
			sourceTree = "<group>";
		};
		2C7C7FD32B47892000AA67D4 /* Helpers+Extensions */ = {
			isa = PBXGroup;
			children = (
				2C7C7FD42B47897700AA67D4 /* UIView+Ext.swift */,
				2C7C7FD92B478E7D00AA67D4 /* Constants.swift */,
				2C7C7FDB2B47928500AA67D4 /* UIViewController+Ext.swift */,
				2C7C7FE22B4796DC00AA67D4 /* UIHelper.swift */,
			);
			path = "Helpers+Extensions";
			sourceTree = "<group>";
		};
		2C7C7FD62B4789D300AA67D4 /* TextFields */ = {
			isa = PBXGroup;
			children = (
				2C7C7FD72B478A0400AA67D4 /* GFTextField.swift */,
			);
			path = TextFields;
			sourceTree = "<group>";
		};
		2C7C7FDD2B47937500AA67D4 /* ViewControllers */ = {
			isa = PBXGroup;
			children = (
				2C7C7FDE2B47938B00AA67D4 /* GFAlertVC.swift */,
			);
			path = ViewControllers;
			sourceTree = "<group>";
		};
		2C7C7FE42B47995300AA67D4 /* Cells */ = {
			isa = PBXGroup;
			children = (
				2C7C7FE52B47999C00AA67D4 /* FollowerCollectionViewCell.swift */,
			);
			path = Cells;
			sourceTree = "<group>";
		};
/* End PBXGroup section */

/* Begin PBXNativeTarget section */
		2C7C7FA22B4751AB00AA67D4 /* GHFollowers */ = {
			isa = PBXNativeTarget;
			buildConfigurationList = 2C7C7FB72B4751AC00AA67D4 /* Build configuration list for PBXNativeTarget "GHFollowers" */;
			buildPhases = (
				2C7C7F9F2B4751AB00AA67D4 /* Sources */,
				2C7C7FA02B4751AB00AA67D4 /* Frameworks */,
				2C7C7FA12B4751AB00AA67D4 /* Resources */,
			);
			buildRules = (
			);
			dependencies = (
			);
			name = GHFollowers;
			productName = GHFollowers;
			productReference = 2C7C7FA32B4751AB00AA67D4 /* GHFollowers.app */;
			productType = "com.apple.product-type.application";
		};
/* End PBXNativeTarget section */

/* Begin PBXProject section */
		2C7C7F9B2B4751AB00AA67D4 /* Project object */ = {
			isa = PBXProject;
			attributes = {
				BuildIndependentTargetsInParallel = 1;
				LastSwiftUpdateCheck = 1510;
				LastUpgradeCheck = 1510;
				TargetAttributes = {
					2C7C7FA22B4751AB00AA67D4 = {
						CreatedOnToolsVersion = 15.1;
					};
				};
			};
			buildConfigurationList = 2C7C7F9E2B4751AB00AA67D4 /* Build configuration list for PBXProject "GHFollowers" */;
			compatibilityVersion = "Xcode 14.0";
			developmentRegion = en;
			hasScannedForEncodings = 0;
			knownRegions = (
				en,
				Base,
			);
			mainGroup = 2C7C7F9A2B4751AB00AA67D4;
			productRefGroup = 2C7C7FA42B4751AB00AA67D4 /* Products */;
			projectDirPath = "";
			projectRoot = "";
			targets = (
				2C7C7FA22B4751AB00AA67D4 /* GHFollowers */,
			);
		};
/* End PBXProject section */

/* Begin PBXResourcesBuildPhase section */
		2C7C7FA12B4751AB00AA67D4 /* Resources */ = {
			isa = PBXResourcesBuildPhase;
			buildActionMask = 2147483647;
			files = (
				2C7C7FB32B4751AC00AA67D4 /* LaunchScreen.storyboard in Resources */,
				2C7C7FC52B47806900AA67D4 /* Assets.xcassets in Resources */,
			);
			runOnlyForDeploymentPostprocessing = 0;
		};
/* End PBXResourcesBuildPhase section */

/* Begin PBXSourcesBuildPhase section */
		2C7C7F9F2B4751AB00AA67D4 /* Sources */ = {
			isa = PBXSourcesBuildPhase;
			buildActionMask = 2147483647;
			files = (
				2C7C7FCA2B47815B00AA67D4 /* FavoritesListVC.swift in Sources */,
				2C7C7FD52B47897700AA67D4 /* UIView+Ext.swift in Sources */,
				2C7C7FDC2B47928500AA67D4 /* UIViewController+Ext.swift in Sources */,
				2C7C7FBE2B477B2A00AA67D4 /* UIView+Preview.swift in Sources */,
				2C7C7FDF2B47938B00AA67D4 /* GFAlertVC.swift in Sources */,
				2C7C7FC32B47803400AA67D4 /* GFTabBarController.swift in Sources */,
				2C7C7FE62B47999C00AA67D4 /* FollowerCollectionViewCell.swift in Sources */,
				2C7C7FCD2B47865100AA67D4 /* Follower.swift in Sources */,
				2C7C7FBF2B477B2A00AA67D4 /* UIViewController+Preview.swift in Sources */,
				2C7C7FD82B478A0400AA67D4 /* GFTextField.swift in Sources */,
				2C7C7FDA2B478E7D00AA67D4 /* Constants.swift in Sources */,
				2C7C7FCF2B47865700AA67D4 /* User.swift in Sources */,
				2C7C7FD22B47874300AA67D4 /* GFButton.swift in Sources */,
				2C7C7FE32B4796DC00AA67D4 /* UIHelper.swift in Sources */,
				2C7C7FA72B4751AB00AA67D4 /* AppDelegate.swift in Sources */,
				2C7C7FA92B4751AB00AA67D4 /* SceneDelegate.swift in Sources */,
				2C7C7FE12B47960700AA67D4 /* FollowerListVC.swift in Sources */,
				2C7C7FC82B47812600AA67D4 /* SearchVC.swift in Sources */,
			);
			runOnlyForDeploymentPostprocessing = 0;
		};
/* End PBXSourcesBuildPhase section */

/* Begin PBXVariantGroup section */
		2C7C7FB12B4751AC00AA67D4 /* LaunchScreen.storyboard */ = {
			isa = PBXVariantGroup;
			children = (
				2C7C7FB22B4751AC00AA67D4 /* Base */,
			);
			name = LaunchScreen.storyboard;
			sourceTree = "<group>";
		};
/* End PBXVariantGroup section */

/* Begin XCBuildConfiguration section */
		2C7C7FB52B4751AC00AA67D4 /* Debug */ = {
			isa = XCBuildConfiguration;
			buildSettings = {
				ALWAYS_SEARCH_USER_PATHS = NO;
				ASSETCATALOG_COMPILER_GENERATE_SWIFT_ASSET_SYMBOL_EXTENSIONS = YES;
				CLANG_ANALYZER_NONNULL = YES;
				CLANG_ANALYZER_NUMBER_OBJECT_CONVERSION = YES_AGGRESSIVE;
				CLANG_CXX_LANGUAGE_STANDARD = "gnu++20";
				CLANG_ENABLE_MODULES = YES;
				CLANG_ENABLE_OBJC_ARC = YES;
				CLANG_ENABLE_OBJC_WEAK = YES;
				CLANG_WARN_BLOCK_CAPTURE_AUTORELEASING = YES;
				CLANG_WARN_BOOL_CONVERSION = YES;
				CLANG_WARN_COMMA = YES;
				CLANG_WARN_CONSTANT_CONVERSION = YES;
				CLANG_WARN_DEPRECATED_OBJC_IMPLEMENTATIONS = YES;
				CLANG_WARN_DIRECT_OBJC_ISA_USAGE = YES_ERROR;
				CLANG_WARN_DOCUMENTATION_COMMENTS = YES;
				CLANG_WARN_EMPTY_BODY = YES;
				CLANG_WARN_ENUM_CONVERSION = YES;
				CLANG_WARN_INFINITE_RECURSION = YES;
				CLANG_WARN_INT_CONVERSION = YES;
				CLANG_WARN_NON_LITERAL_NULL_CONVERSION = YES;
				CLANG_WARN_OBJC_IMPLICIT_RETAIN_SELF = YES;
				CLANG_WARN_OBJC_LITERAL_CONVERSION = YES;
				CLANG_WARN_OBJC_ROOT_CLASS = YES_ERROR;
				CLANG_WARN_QUOTED_INCLUDE_IN_FRAMEWORK_HEADER = YES;
				CLANG_WARN_RANGE_LOOP_ANALYSIS = YES;
				CLANG_WARN_STRICT_PROTOTYPES = YES;
				CLANG_WARN_SUSPICIOUS_MOVE = YES;
				CLANG_WARN_UNGUARDED_AVAILABILITY = YES_AGGRESSIVE;
				CLANG_WARN_UNREACHABLE_CODE = YES;
				CLANG_WARN__DUPLICATE_METHOD_MATCH = YES;
				COPY_PHASE_STRIP = NO;
				DEBUG_INFORMATION_FORMAT = dwarf;
				ENABLE_STRICT_OBJC_MSGSEND = YES;
				ENABLE_TESTABILITY = YES;
				ENABLE_USER_SCRIPT_SANDBOXING = YES;
				GCC_C_LANGUAGE_STANDARD = gnu17;
				GCC_DYNAMIC_NO_PIC = NO;
				GCC_NO_COMMON_BLOCKS = YES;
				GCC_OPTIMIZATION_LEVEL = 0;
				GCC_PREPROCESSOR_DEFINITIONS = (
					"DEBUG=1",
					"$(inherited)",
				);
				GCC_WARN_64_TO_32_BIT_CONVERSION = YES;
				GCC_WARN_ABOUT_RETURN_TYPE = YES_ERROR;
				GCC_WARN_UNDECLARED_SELECTOR = YES;
				GCC_WARN_UNINITIALIZED_AUTOS = YES_AGGRESSIVE;
				GCC_WARN_UNUSED_FUNCTION = YES;
				GCC_WARN_UNUSED_VARIABLE = YES;
				IPHONEOS_DEPLOYMENT_TARGET = 17.2;
				LOCALIZATION_PREFERS_STRING_CATALOGS = YES;
				MTL_ENABLE_DEBUG_INFO = INCLUDE_SOURCE;
				MTL_FAST_MATH = YES;
				ONLY_ACTIVE_ARCH = YES;
				SDKROOT = iphoneos;
				SWIFT_ACTIVE_COMPILATION_CONDITIONS = "DEBUG $(inherited)";
				SWIFT_OPTIMIZATION_LEVEL = "-Onone";
			};
			name = Debug;
		};
		2C7C7FB62B4751AC00AA67D4 /* Release */ = {
			isa = XCBuildConfiguration;
			buildSettings = {
				ALWAYS_SEARCH_USER_PATHS = NO;
				ASSETCATALOG_COMPILER_GENERATE_SWIFT_ASSET_SYMBOL_EXTENSIONS = YES;
				CLANG_ANALYZER_NONNULL = YES;
				CLANG_ANALYZER_NUMBER_OBJECT_CONVERSION = YES_AGGRESSIVE;
				CLANG_CXX_LANGUAGE_STANDARD = "gnu++20";
				CLANG_ENABLE_MODULES = YES;
				CLANG_ENABLE_OBJC_ARC = YES;
				CLANG_ENABLE_OBJC_WEAK = YES;
				CLANG_WARN_BLOCK_CAPTURE_AUTORELEASING = YES;
				CLANG_WARN_BOOL_CONVERSION = YES;
				CLANG_WARN_COMMA = YES;
				CLANG_WARN_CONSTANT_CONVERSION = YES;
				CLANG_WARN_DEPRECATED_OBJC_IMPLEMENTATIONS = YES;
				CLANG_WARN_DIRECT_OBJC_ISA_USAGE = YES_ERROR;
				CLANG_WARN_DOCUMENTATION_COMMENTS = YES;
				CLANG_WARN_EMPTY_BODY = YES;
				CLANG_WARN_ENUM_CONVERSION = YES;
				CLANG_WARN_INFINITE_RECURSION = YES;
				CLANG_WARN_INT_CONVERSION = YES;
				CLANG_WARN_NON_LITERAL_NULL_CONVERSION = YES;
				CLANG_WARN_OBJC_IMPLICIT_RETAIN_SELF = YES;
				CLANG_WARN_OBJC_LITERAL_CONVERSION = YES;
				CLANG_WARN_OBJC_ROOT_CLASS = YES_ERROR;
				CLANG_WARN_QUOTED_INCLUDE_IN_FRAMEWORK_HEADER = YES;
				CLANG_WARN_RANGE_LOOP_ANALYSIS = YES;
				CLANG_WARN_STRICT_PROTOTYPES = YES;
				CLANG_WARN_SUSPICIOUS_MOVE = YES;
				CLANG_WARN_UNGUARDED_AVAILABILITY = YES_AGGRESSIVE;
				CLANG_WARN_UNREACHABLE_CODE = YES;
				CLANG_WARN__DUPLICATE_METHOD_MATCH = YES;
				COPY_PHASE_STRIP = NO;
				DEBUG_INFORMATION_FORMAT = "dwarf-with-dsym";
				ENABLE_NS_ASSERTIONS = NO;
				ENABLE_STRICT_OBJC_MSGSEND = YES;
				ENABLE_USER_SCRIPT_SANDBOXING = YES;
				GCC_C_LANGUAGE_STANDARD = gnu17;
				GCC_NO_COMMON_BLOCKS = YES;
				GCC_WARN_64_TO_32_BIT_CONVERSION = YES;
				GCC_WARN_ABOUT_RETURN_TYPE = YES_ERROR;
				GCC_WARN_UNDECLARED_SELECTOR = YES;
				GCC_WARN_UNINITIALIZED_AUTOS = YES_AGGRESSIVE;
				GCC_WARN_UNUSED_FUNCTION = YES;
				GCC_WARN_UNUSED_VARIABLE = YES;
				IPHONEOS_DEPLOYMENT_TARGET = 17.2;
				LOCALIZATION_PREFERS_STRING_CATALOGS = YES;
				MTL_ENABLE_DEBUG_INFO = NO;
				MTL_FAST_MATH = YES;
				SDKROOT = iphoneos;
				SWIFT_COMPILATION_MODE = wholemodule;
				VALIDATE_PRODUCT = YES;
			};
			name = Release;
		};
		2C7C7FB82B4751AC00AA67D4 /* Debug */ = {
			isa = XCBuildConfiguration;
			buildSettings = {
				ASSETCATALOG_COMPILER_APPICON_NAME = AppIcon;
				ASSETCATALOG_COMPILER_GLOBAL_ACCENT_COLOR_NAME = AccentColor;
				CODE_SIGN_STYLE = Automatic;
				CURRENT_PROJECT_VERSION = 1;
				DEVELOPMENT_TEAM = 6UUX2L32WR;
				GENERATE_INFOPLIST_FILE = YES;
				INFOPLIST_FILE = GHFollowers/Resources/Info.plist;
				INFOPLIST_KEY_UIApplicationSupportsIndirectInputEvents = YES;
				INFOPLIST_KEY_UILaunchStoryboardName = LaunchScreen;
				INFOPLIST_KEY_UISupportedInterfaceOrientations_iPad = "UIInterfaceOrientationPortrait UIInterfaceOrientationPortraitUpsideDown UIInterfaceOrientationLandscapeLeft UIInterfaceOrientationLandscapeRight";
				INFOPLIST_KEY_UISupportedInterfaceOrientations_iPhone = "UIInterfaceOrientationPortrait UIInterfaceOrientationLandscapeLeft UIInterfaceOrientationLandscapeRight";
				LD_RUNPATH_SEARCH_PATHS = (
					"$(inherited)",
					"@executable_path/Frameworks",
				);
				MARKETING_VERSION = 1.0;
				PRODUCT_BUNDLE_IDENTIFIER = com.royalbluesoftware.GHFollowers;
				PRODUCT_NAME = "$(TARGET_NAME)";
				SWIFT_EMIT_LOC_STRINGS = YES;
				SWIFT_VERSION = 5.0;
				TARGETED_DEVICE_FAMILY = "1,2";
			};
			name = Debug;
		};
		2C7C7FB92B4751AC00AA67D4 /* Release */ = {
			isa = XCBuildConfiguration;
			buildSettings = {
				ASSETCATALOG_COMPILER_APPICON_NAME = AppIcon;
				ASSETCATALOG_COMPILER_GLOBAL_ACCENT_COLOR_NAME = AccentColor;
				CODE_SIGN_STYLE = Automatic;
				CURRENT_PROJECT_VERSION = 1;
				DEVELOPMENT_TEAM = 6UUX2L32WR;
				GENERATE_INFOPLIST_FILE = YES;
				INFOPLIST_FILE = GHFollowers/Resources/Info.plist;
				INFOPLIST_KEY_UIApplicationSupportsIndirectInputEvents = YES;
				INFOPLIST_KEY_UILaunchStoryboardName = LaunchScreen;
				INFOPLIST_KEY_UISupportedInterfaceOrientations_iPad = "UIInterfaceOrientationPortrait UIInterfaceOrientationPortraitUpsideDown UIInterfaceOrientationLandscapeLeft UIInterfaceOrientationLandscapeRight";
				INFOPLIST_KEY_UISupportedInterfaceOrientations_iPhone = "UIInterfaceOrientationPortrait UIInterfaceOrientationLandscapeLeft UIInterfaceOrientationLandscapeRight";
				LD_RUNPATH_SEARCH_PATHS = (
					"$(inherited)",
					"@executable_path/Frameworks",
				);
				MARKETING_VERSION = 1.0;
				PRODUCT_BUNDLE_IDENTIFIER = com.royalbluesoftware.GHFollowers;
				PRODUCT_NAME = "$(TARGET_NAME)";
				SWIFT_EMIT_LOC_STRINGS = YES;
				SWIFT_VERSION = 5.0;
				TARGETED_DEVICE_FAMILY = "1,2";
			};
			name = Release;
		};
/* End XCBuildConfiguration section */

/* Begin XCConfigurationList section */
		2C7C7F9E2B4751AB00AA67D4 /* Build configuration list for PBXProject "GHFollowers" */ = {
			isa = XCConfigurationList;
			buildConfigurations = (
				2C7C7FB52B4751AC00AA67D4 /* Debug */,
				2C7C7FB62B4751AC00AA67D4 /* Release */,
			);
			defaultConfigurationIsVisible = 0;
			defaultConfigurationName = Release;
		};
		2C7C7FB72B4751AC00AA67D4 /* Build configuration list for PBXNativeTarget "GHFollowers" */ = {
			isa = XCConfigurationList;
			buildConfigurations = (
				2C7C7FB82B4751AC00AA67D4 /* Debug */,
				2C7C7FB92B4751AC00AA67D4 /* Release */,
			);
			defaultConfigurationIsVisible = 0;
			defaultConfigurationName = Release;
		};
/* End XCConfigurationList section */
	};
	rootObject = 2C7C7F9B2B4751AB00AA67D4 /* Project object */;
}
